Microsoft Visual Studio Solution File, Format Version 12.00
# Visual Studio Version 17
VisualStudioVersion = 17.14.36203.30
MinimumVisualStudioVersion = 10.0.40219.1
Project("{2150E333-8FDC-42A3-9474-1A3956D46DE8}") = "src", "src", "{4D2743D9-0C3C-4CA8-B652-880A58F75CC1}"
EndProject
Project("{FAE04EC0-301F-11D3-BF4B-00C04F79EFBC}") = "Battleship.Api", "Battleship.Api\Battleship.Api.csproj", "{8EDD95F1-CBC2-433A-B628-8F750F1B12ED}"
EndProject
Project("{FAE04EC0-301F-11D3-BF4B-00C04F79EFBC}") = "Battleship.Application", "Battleship.Application\Battleship.Application.csproj", "{DCF442F7-8E8B-47FB-BAD4-13A758713C4A}"
EndProject
Project("{FAE04EC0-301F-11D3-BF4B-00C04F79EFBC}") = "Battleship.Infrastructure", "Battleship.Infrastructure\Battleship.Infrastructure.csproj", "{F5EF438B-A255-4779-A45C-AE074FA25950}"
EndProject
Project("{FAE04EC0-301F-11D3-BF4B-00C04F79EFBC}") = "Battleship.Domain", "Battleship.Domain\Battleship.Domain.csproj", "{BEA18544-F50C-4ACA-B9F0-CF043CDBD752}"
EndProject
Project("{2150E333-8FDC-42A3-9474-1A3956D46DE8}") = "tests", "tests", "{AF7F87E7-5F26-43FD-B53B-99B001C9670E}"
EndProject
Project("{FAE04EC0-301F-11D3-BF4B-00C04F79EFBC}") = "Battleship.Tests", "Battleship.Tests\Battleship.Tests.csproj", "{99540484-ADC5-44A7-82FC-CAB2F725EF17}"
EndProject
Global
	GlobalSection(SolutionConfigurationPlatforms) = preSolution
		Debug|Any CPU = Debug|Any CPU
		Release|Any CPU = Release|Any CPU
	EndGlobalSection
	GlobalSection(ProjectConfigurationPlatforms) = postSolution
		{8EDD95F1-CBC2-433A-B628-8F750F1B12ED}.Debug|Any CPU.ActiveCfg = Debug|Any CPU
		{8EDD95F1-CBC2-433A-B628-8F750F1B12ED}.Debug|Any CPU.Build.0 = Debug|Any CPU
		{8EDD95F1-CBC2-433A-B628-8F750F1B12ED}.Release|Any CPU.ActiveCfg = Release|Any CPU
		{8EDD95F1-CBC2-433A-B628-8F750F1B12ED}.Release|Any CPU.Build.0 = Release|Any CPU
		{DCF442F7-8E8B-47FB-BAD4-13A758713C4A}.Debug|Any CPU.ActiveCfg = Debug|Any CPU
		{DCF442F7-8E8B-47FB-BAD4-13A758713C4A}.Debug|Any CPU.Build.0 = Debug|Any CPU
		{DCF442F7-8E8B-47FB-BAD4-13A758713C4A}.Release|Any CPU.ActiveCfg = Release|Any CPU
		{DCF442F7-8E8B-47FB-BAD4-13A758713C4A}.Release|Any CPU.Build.0 = Release|Any CPU
		{F5EF438B-A255-4779-A45C-AE074FA25950}.Debug|Any CPU.ActiveCfg = Debug|Any CPU
		{F5EF438B-A255-4779-A45C-AE074FA25950}.Debug|Any CPU.Build.0 = Debug|Any CPU
		{F5EF438B-A255-4779-A45C-AE074FA25950}.Release|Any CPU.ActiveCfg = Release|Any CPU
		{F5EF438B-A255-4779-A45C-AE074FA25950}.Release|Any CPU.Build.0 = Release|Any CPU
		{BEA18544-F50C-4ACA-B9F0-CF043CDBD752}.Debug|Any CPU.ActiveCfg = Debug|Any CPU
		{BEA18544-F50C-4ACA-B9F0-CF043CDBD752}.Debug|Any CPU.Build.0 = Debug|Any CPU
		{BEA18544-F50C-4ACA-B9F0-CF043CDBD752}.Release|Any CPU.ActiveCfg = Release|Any CPU
		{BEA18544-F50C-4ACA-B9F0-CF043CDBD752}.Release|Any CPU.Build.0 = Release|Any CPU
		{99540484-ADC5-44A7-82FC-CAB2F725EF17}.Debug|Any CPU.ActiveCfg = Debug|Any CPU
		{99540484-ADC5-44A7-82FC-CAB2F725EF17}.Debug|Any CPU.Build.0 = Debug|Any CPU
		{99540484-ADC5-44A7-82FC-CAB2F725EF17}.Release|Any CPU.ActiveCfg = Release|Any CPU
		{99540484-ADC5-44A7-82FC-CAB2F725EF17}.Release|Any CPU.Build.0 = Release|Any CPU
	EndGlobalSection
	GlobalSection(SolutionProperties) = preSolution
		HideSolutionNode = FALSE
	EndGlobalSection
	GlobalSection(NestedProjects) = preSolution
		{8EDD95F1-CBC2-433A-B628-8F750F1B12ED} = {4D2743D9-0C3C-4CA8-B652-880A58F75CC1}
		{DCF442F7-8E8B-47FB-BAD4-13A758713C4A} = {4D2743D9-0C3C-4CA8-B652-880A58F75CC1}
		{F5EF438B-A255-4779-A45C-AE074FA25950} = {4D2743D9-0C3C-4CA8-B652-880A58F75CC1}
		{BEA18544-F50C-4ACA-B9F0-CF043CDBD752} = {4D2743D9-0C3C-4CA8-B652-880A58F75CC1}
		{99540484-ADC5-44A7-82FC-CAB2F725EF17} = {AF7F87E7-5F26-43FD-B53B-99B001C9670E}
	EndGlobalSection
	GlobalSection(ExtensibilityGlobals) = postSolution
		SolutionGuid = {13D271E2-9F3C-43A7-9884-B5F61725A3E7}
	EndGlobalSection
EndGlobal
